
Microsoft Visual Studio Solution File, Format Version 12.00
# Visual Studio Version 18
VisualStudioVersion = 18.0.11222.15
MinimumVisualStudioVersion = 10.0.40219.1
Project("{2150E333-8FDC-42A3-9474-1A3956D46DE8}") = "Examples", "Examples", "{EC409656-6AEC-42F8-AE49-CA75186379F9}"
EndProject
Project("{9A19103F-16F7-4668-BE54-9A1E7A4F7556}") = "Example.Recording", "examples\Example.Recording\Example.Recording.csproj", "{96C25702-6D77-449D-9C37-CF4725038A32}"
EndProject
Project("{FAE04EC0-301F-11D3-BF4B-00C04F79EFBC}") = "Example.Playback", "examples\Example.Playback\Example.Playback.csproj", "{659B145E-A2FA-410F-9C2B-0B1CC0906953}"
EndProject
Project("{FAE04EC0-301F-11D3-BF4B-00C04F79EFBC}") = "Example.Mixer", "examples\Example.Mixer\Example.Mixer.csproj", "{A92053ED-0378-47FE-8136-CE8505909CB4}"
EndProject
Project("{FAE04EC0-301F-11D3-BF4B-00C04F79EFBC}") = "Example.Configuration", "examples\Example.Configuration\Example.Configuration.csproj", "{87BF06EE-EEB9-498D-B7C0-7D7E28BFB0A3}"
EndProject
Project("{FAE04EC0-301F-11D3-BF4B-00C04F79EFBC}") = "Alsa.Net", "Alsa.Net\Alsa.Net.csproj", "{8DF42032-9F80-BC0E-5299-CB5988F1BF96}"
EndProject
Project("{FAE04EC0-301F-11D3-BF4B-00C04F79EFBC}") = "Alsa.Net.Tests", "Alsa.Net.Tests\Alsa.Net.Tests.csproj", "{D6056E85-B423-8855-B5A9-963317914822}"
EndProject
Project("{FAE04EC0-301F-11D3-BF4B-00C04F79EFBC}") = "Alsa.Net.Core", "Alsa.Net.Core\Alsa.Net.Core.csproj", "{7A577D70-D310-4274-82E1-6AD1DAF0B894}"
EndProject
Project("{FAE04EC0-301F-11D3-BF4B-00C04F79EFBC}") = "Alsa.Net.Tests.NUnit", "Alsa.Net.Tests.NUnit\Alsa.Net.Tests.NUnit.csproj", "{C973E383-5F8D-4428-B24E-BD1B4D5DAC3F}"
EndProject
Project("{FAE04EC0-301F-11D3-BF4B-00C04F79EFBC}") = "Alsa.Net.Interop", "Alsa.Net.Interop\Alsa.Net.Interop.csproj", "{D24C6522-37C1-4A8D-A32C-63CEB31706DC}"
EndProject
Project("{FAE04EC0-301F-11D3-BF4B-00C04F79EFBC}") = "Example.AlsaSanity", "examples\Example.AlsaSanity\Example.AlsaSanity.csproj", "{7181B5E4-307E-D426-1068-FBDE7179D6D0}"
EndProject
Global
	GlobalSection(SolutionConfigurationPlatforms) = preSolution
		Debug|Any CPU = Debug|Any CPU
		Release|Any CPU = Release|Any CPU
	EndGlobalSection
	GlobalSection(ProjectConfigurationPlatforms) = postSolution
		{96C25702-6D77-449D-9C37-CF4725038A32}.Debug|Any CPU.ActiveCfg = Debug|Any CPU
		{96C25702-6D77-449D-9C37-CF4725038A32}.Debug|Any CPU.Build.0 = Debug|Any CPU
		{96C25702-6D77-449D-9C37-CF4725038A32}.Release|Any CPU.ActiveCfg = Release|Any CPU
		{96C25702-6D77-449D-9C37-CF4725038A32}.Release|Any CPU.Build.0 = Release|Any CPU
		{659B145E-A2FA-410F-9C2B-0B1CC0906953}.Debug|Any CPU.ActiveCfg = Debug|Any CPU
		{659B145E-A2FA-410F-9C2B-0B1CC0906953}.Debug|Any CPU.Build.0 = Debug|Any CPU
		{659B145E-A2FA-410F-9C2B-0B1CC0906953}.Release|Any CPU.ActiveCfg = Release|Any CPU
		{659B145E-A2FA-410F-9C2B-0B1CC0906953}.Release|Any CPU.Build.0 = Release|Any CPU
		{A92053ED-0378-47FE-8136-CE8505909CB4}.Debug|Any CPU.ActiveCfg = Debug|Any CPU
		{A92053ED-0378-47FE-8136-CE8505909CB4}.Debug|Any CPU.Build.0 = Debug|Any CPU
		{A92053ED-0378-47FE-8136-CE8505909CB4}.Release|Any CPU.ActiveCfg = Release|Any CPU
		{A92053ED-0378-47FE-8136-CE8505909CB4}.Release|Any CPU.Build.0 = Release|Any CPU
		{87BF06EE-EEB9-498D-B7C0-7D7E28BFB0A3}.Debug|Any CPU.ActiveCfg = Debug|Any CPU
		{87BF06EE-EEB9-498D-B7C0-7D7E28BFB0A3}.Debug|Any CPU.Build.0 = Debug|Any CPU
		{87BF06EE-EEB9-498D-B7C0-7D7E28BFB0A3}.Release|Any CPU.ActiveCfg = Release|Any CPU
		{87BF06EE-EEB9-498D-B7C0-7D7E28BFB0A3}.Release|Any CPU.Build.0 = Release|Any CPU
		{8DF42032-9F80-BC0E-5299-CB5988F1BF96}.Debug|Any CPU.ActiveCfg = Debug|Any CPU
		{8DF42032-9F80-BC0E-5299-CB5988F1BF96}.Debug|Any CPU.Build.0 = Debug|Any CPU
		{8DF42032-9F80-BC0E-5299-CB5988F1BF96}.Release|Any CPU.ActiveCfg = Release|Any CPU
		{8DF42032-9F80-BC0E-5299-CB5988F1BF96}.Release|Any CPU.Build.0 = Release|Any CPU
		{D6056E85-B423-8855-B5A9-963317914822}.Debug|Any CPU.ActiveCfg = Debug|Any CPU
		{D6056E85-B423-8855-B5A9-963317914822}.Debug|Any CPU.Build.0 = Debug|Any CPU
		{D6056E85-B423-8855-B5A9-963317914822}.Release|Any CPU.ActiveCfg = Release|Any CPU
		{D6056E85-B423-8855-B5A9-963317914822}.Release|Any CPU.Build.0 = Release|Any CPU
		{7A577D70-D310-4274-82E1-6AD1DAF0B894}.Debug|Any CPU.ActiveCfg = Debug|Any CPU
		{7A577D70-D310-4274-82E1-6AD1DAF0B894}.Debug|Any CPU.Build.0 = Debug|Any CPU
		{7A577D70-D310-4274-82E1-6AD1DAF0B894}.Release|Any CPU.ActiveCfg = Release|Any CPU
		{7A577D70-D310-4274-82E1-6AD1DAF0B894}.Release|Any CPU.Build.0 = Release|Any CPU
		{C973E383-5F8D-4428-B24E-BD1B4D5DAC3F}.Debug|Any CPU.ActiveCfg = Debug|Any CPU
		{C973E383-5F8D-4428-B24E-BD1B4D5DAC3F}.Debug|Any CPU.Build.0 = Debug|Any CPU
		{C973E383-5F8D-4428-B24E-BD1B4D5DAC3F}.Release|Any CPU.ActiveCfg = Release|Any CPU
		{C973E383-5F8D-4428-B24E-BD1B4D5DAC3F}.Release|Any CPU.Build.0 = Release|Any CPU
		{D24C6522-37C1-4A8D-A32C-63CEB31706DC}.Debug|Any CPU.ActiveCfg = Debug|Any CPU
		{D24C6522-37C1-4A8D-A32C-63CEB31706DC}.Debug|Any CPU.Build.0 = Debug|Any CPU
		{D24C6522-37C1-4A8D-A32C-63CEB31706DC}.Release|Any CPU.ActiveCfg = Release|Any CPU
		{D24C6522-37C1-4A8D-A32C-63CEB31706DC}.Release|Any CPU.Build.0 = Release|Any CPU
		{7181B5E4-307E-D426-1068-FBDE7179D6D0}.Debug|Any CPU.ActiveCfg = Debug|Any CPU
		{7181B5E4-307E-D426-1068-FBDE7179D6D0}.Debug|Any CPU.Build.0 = Debug|Any CPU
		{7181B5E4-307E-D426-1068-FBDE7179D6D0}.Release|Any CPU.ActiveCfg = Release|Any CPU
		{7181B5E4-307E-D426-1068-FBDE7179D6D0}.Release|Any CPU.Build.0 = Release|Any CPU
	EndGlobalSection
	GlobalSection(SolutionProperties) = preSolution
		HideSolutionNode = FALSE
	EndGlobalSection
	GlobalSection(NestedProjects) = preSolution
		{96C25702-6D77-449D-9C37-CF4725038A32} = {EC409656-6AEC-42F8-AE49-CA75186379F9}
		{659B145E-A2FA-410F-9C2B-0B1CC0906953} = {EC409656-6AEC-42F8-AE49-CA75186379F9}
		{A92053ED-0378-47FE-8136-CE8505909CB4} = {EC409656-6AEC-42F8-AE49-CA75186379F9}
		{87BF06EE-EEB9-498D-B7C0-7D7E28BFB0A3} = {EC409656-6AEC-42F8-AE49-CA75186379F9}
		{7181B5E4-307E-D426-1068-FBDE7179D6D0} = {EC409656-6AEC-42F8-AE49-CA75186379F9}
	EndGlobalSection
	GlobalSection(ExtensibilityGlobals) = postSolution
		SolutionGuid = {D2CDD67B-7C3E-4D94-8274-4E353D30FF49}
	EndGlobalSection
EndGlobal
